
Microsoft Visual Studio Solution File, Format Version 12.00
# Visual Studio 15
VisualStudioVersion = 15.0.28010.2019
MinimumVisualStudioVersion = 10.0.40219.1
Project("{FAE04EC0-301F-11D3-BF4B-00C04F79EFBC}") = "chapter7", "chapter7\chapter7.csproj", "{BFBCFCF9-7492-4768-932E-2609B81F2BE8}"
EndProject
Global
	GlobalSection(SolutionConfigurationPlatforms) = preSolution
		Debug|Any CPU = Debug|Any CPU
		Release|Any CPU = Release|Any CPU
	EndGlobalSection
	GlobalSection(ProjectConfigurationPlatforms) = postSolution
		{BFBCFCF9-7492-4768-932E-2609B81F2BE8}.Debug|Any CPU.ActiveCfg = Debug|Any CPU
		{BFBCFCF9-7492-4768-932E-2609B81F2BE8}.Debug|Any CPU.Build.0 = Debug|Any CPU
		{BFBCFCF9-7492-4768-932E-2609B81F2BE8}.Release|Any CPU.ActiveCfg = Release|Any CPU
		{BFBCFCF9-7492-4768-932E-2609B81F2BE8}.Release|Any CPU.Build.0 = Release|Any CPU
	EndGlobalSection
	GlobalSection(SolutionProperties) = preSolution
		HideSolutionNode = FALSE
	EndGlobalSection
	GlobalSection(ExtensibilityGlobals) = postSolution
		SolutionGuid = {E12C5BE2-471C-4AD9-8F8A-8B0A541CC147}
	EndGlobalSection
EndGlobal
