
Microsoft Visual Studio Solution File, Format Version 12.00
# Visual Studio 15
VisualStudioVersion = 15.0.28010.2019
MinimumVisualStudioVersion = 10.0.40219.1
Project("{FAE04EC0-301F-11D3-BF4B-00C04F79EFBC}") = "LanguageFeatures", "LanguageFeatures\LanguageFeatures.csproj", "{194438A3-4696-4179-9D25-E5E1BDA3046E}"
EndProject
Global
	GlobalSection(SolutionConfigurationPlatforms) = preSolution
		Debug|Any CPU = Debug|Any CPU
		Release|Any CPU = Release|Any CPU
	EndGlobalSection
	GlobalSection(ProjectConfigurationPlatforms) = postSolution
		{194438A3-4696-4179-9D25-E5E1BDA3046E}.Debug|Any CPU.ActiveCfg = Debug|Any CPU
		{194438A3-4696-4179-9D25-E5E1BDA3046E}.Debug|Any CPU.Build.0 = Debug|Any CPU
		{194438A3-4696-4179-9D25-E5E1BDA3046E}.Release|Any CPU.ActiveCfg = Release|Any CPU
		{194438A3-4696-4179-9D25-E5E1BDA3046E}.Release|Any CPU.Build.0 = Release|Any CPU
	EndGlobalSection
	GlobalSection(SolutionProperties) = preSolution
		HideSolutionNode = FALSE
	EndGlobalSection
	GlobalSection(ExtensibilityGlobals) = postSolution
		SolutionGuid = {BA81B74F-41FC-41E7-B3DD-51FB1C9D0099}
	EndGlobalSection
EndGlobal
